// !$*UTF8*$!
{
	archiveVersion = 1;
	classes = {
	};
	objectVersion = 46;
	objects = {

/* Begin PBXBuildFile section */
		CD0B607D1E9BED5200058E49 /* WorkoutHeader.swift in Sources */ = {isa = PBXBuildFile; fileRef = CD0B607C1E9BED5200058E49 /* WorkoutHeader.swift */; };
		CD0B607F1E9BEF2100058E49 /* Exercise.swift in Sources */ = {isa = PBXBuildFile; fileRef = CD0B607E1E9BEF2100058E49 /* Exercise.swift */; };
		CD0B60811E9C06DC00058E49 /* ExerciseDetail.swift in Sources */ = {isa = PBXBuildFile; fileRef = CD0B60801E9C06DC00058E49 /* ExerciseDetail.swift */; };
		CD0B60831E9C2BFD00058E49 /* WorkoutDetailTVC.swift in Sources */ = {isa = PBXBuildFile; fileRef = CD0B60821E9C2BFD00058E49 /* WorkoutDetailTVC.swift */; };
		CD0B60851E9C2C8A00058E49 /* WorkoutDetailVC.swift in Sources */ = {isa = PBXBuildFile; fileRef = CD0B60841E9C2C8A00058E49 /* WorkoutDetailVC.swift */; };
		CD0B60871E9C2E2600058E49 /* WorkoutDetail.swift in Sources */ = {isa = PBXBuildFile; fileRef = CD0B60861E9C2E2600058E49 /* WorkoutDetail.swift */; };
		CDC302F81E9AC8B900D9EE5C /* AppDelegate.swift in Sources */ = {isa = PBXBuildFile; fileRef = CDC302F71E9AC8B900D9EE5C /* AppDelegate.swift */; };
		CDC302FA1E9AC8B900D9EE5C /* MasterViewController.swift in Sources */ = {isa = PBXBuildFile; fileRef = CDC302F91E9AC8B900D9EE5C /* MasterViewController.swift */; };
		CDC302FD1E9AC8B900D9EE5C /* Main.storyboard in Resources */ = {isa = PBXBuildFile; fileRef = CDC302FB1E9AC8B900D9EE5C /* Main.storyboard */; };
		CDC302FF1E9AC8B900D9EE5C /* Assets.xcassets in Resources */ = {isa = PBXBuildFile; fileRef = CDC302FE1E9AC8B900D9EE5C /* Assets.xcassets */; };
		CDC3030A1E9ACAE100D9EE5C /* AddWorkoutViewController.swift in Sources */ = {isa = PBXBuildFile; fileRef = CDC303091E9ACAE100D9EE5C /* AddWorkoutViewController.swift */; };
		CDC3030C1E9ACB2200D9EE5C /* WorkoutsViewController.swift in Sources */ = {isa = PBXBuildFile; fileRef = CDC3030B1E9ACB2200D9EE5C /* WorkoutsViewController.swift */; };
		CDC303161E9AD3A300D9EE5C /* Workout.storyboard in Resources */ = {isa = PBXBuildFile; fileRef = CDC303141E9AD3A300D9EE5C /* Workout.storyboard */; };
		CDC303241E9AF0D900D9EE5C /* ExerciseViewController.swift in Sources */ = {isa = PBXBuildFile; fileRef = CDC303231E9AF0D900D9EE5C /* ExerciseViewController.swift */; };
		CDC303261E9AF13900D9EE5C /* AddExerciseViewController.swift in Sources */ = {isa = PBXBuildFile; fileRef = CDC303251E9AF13900D9EE5C /* AddExerciseViewController.swift */; };
		CDC303291E9AF16300D9EE5C /* Exercises.storyboard in Resources */ = {isa = PBXBuildFile; fileRef = CDC303271E9AF16300D9EE5C /* Exercises.storyboard */; };
/* End PBXBuildFile section */

/* Begin PBXFileReference section */
		CD0B607C1E9BED5200058E49 /* WorkoutHeader.swift */ = {isa = PBXFileReference; fileEncoding = 4; lastKnownFileType = sourcecode.swift; path = WorkoutHeader.swift; sourceTree = "<group>"; };
		CD0B607E1E9BEF2100058E49 /* Exercise.swift */ = {isa = PBXFileReference; fileEncoding = 4; lastKnownFileType = sourcecode.swift; path = Exercise.swift; sourceTree = "<group>"; };
		CD0B60801E9C06DC00058E49 /* ExerciseDetail.swift */ = {isa = PBXFileReference; fileEncoding = 4; lastKnownFileType = sourcecode.swift; path = ExerciseDetail.swift; sourceTree = "<group>"; };
		CD0B60821E9C2BFD00058E49 /* WorkoutDetailTVC.swift */ = {isa = PBXFileReference; fileEncoding = 4; lastKnownFileType = sourcecode.swift; path = WorkoutDetailTVC.swift; sourceTree = "<group>"; };
		CD0B60841E9C2C8A00058E49 /* WorkoutDetailVC.swift */ = {isa = PBXFileReference; fileEncoding = 4; lastKnownFileType = sourcecode.swift; path = WorkoutDetailVC.swift; sourceTree = "<group>"; };
		CD0B60861E9C2E2600058E49 /* WorkoutDetail.swift */ = {isa = PBXFileReference; fileEncoding = 4; lastKnownFileType = sourcecode.swift; path = WorkoutDetail.swift; sourceTree = "<group>"; };
		CDC302F41E9AC8B900D9EE5C /* TestingNavigation.app */ = {isa = PBXFileReference; explicitFileType = wrapper.application; includeInIndex = 0; path = TestingNavigation.app; sourceTree = BUILT_PRODUCTS_DIR; };
		CDC302F71E9AC8B900D9EE5C /* AppDelegate.swift */ = {isa = PBXFileReference; lastKnownFileType = sourcecode.swift; path = AppDelegate.swift; sourceTree = "<group>"; };
		CDC302F91E9AC8B900D9EE5C /* MasterViewController.swift */ = {isa = PBXFileReference; lastKnownFileType = sourcecode.swift; path = MasterViewController.swift; sourceTree = "<group>"; };
		CDC302FC1E9AC8B900D9EE5C /* Base */ = {isa = PBXFileReference; lastKnownFileType = file.storyboard; name = Base; path = Base.lproj/Main.storyboard; sourceTree = "<group>"; };
		CDC302FE1E9AC8B900D9EE5C /* Assets.xcassets */ = {isa = PBXFileReference; lastKnownFileType = folder.assetcatalog; path = Assets.xcassets; sourceTree = "<group>"; };
		CDC303031E9AC8B900D9EE5C /* Info.plist */ = {isa = PBXFileReference; lastKnownFileType = text.plist.xml; path = Info.plist; sourceTree = "<group>"; };
		CDC303091E9ACAE100D9EE5C /* AddWorkoutViewController.swift */ = {isa = PBXFileReference; fileEncoding = 4; lastKnownFileType = sourcecode.swift; path = AddWorkoutViewController.swift; sourceTree = "<group>"; };
		CDC3030B1E9ACB2200D9EE5C /* WorkoutsViewController.swift */ = {isa = PBXFileReference; fileEncoding = 4; lastKnownFileType = sourcecode.swift; path = WorkoutsViewController.swift; sourceTree = "<group>"; };
		CDC303151E9AD3A300D9EE5C /* Base */ = {isa = PBXFileReference; lastKnownFileType = file.storyboard; name = Base; path = Base.lproj/Workout.storyboard; sourceTree = "<group>"; };
		CDC303231E9AF0D900D9EE5C /* ExerciseViewController.swift */ = {isa = PBXFileReference; fileEncoding = 4; lastKnownFileType = sourcecode.swift; path = ExerciseViewController.swift; sourceTree = "<group>"; };
		CDC303251E9AF13900D9EE5C /* AddExerciseViewController.swift */ = {isa = PBXFileReference; fileEncoding = 4; lastKnownFileType = sourcecode.swift; path = AddExerciseViewController.swift; sourceTree = "<group>"; };
		CDC303281E9AF16300D9EE5C /* Base */ = {isa = PBXFileReference; lastKnownFileType = file.storyboard; name = Base; path = Base.lproj/Exercises.storyboard; sourceTree = "<group>"; };
/* End PBXFileReference section */

/* Begin PBXFrameworksBuildPhase section */
		CDC302F11E9AC8B900D9EE5C /* Frameworks */ = {
			isa = PBXFrameworksBuildPhase;
			buildActionMask = 2147483647;
			files = (
			);
			runOnlyForDeploymentPostprocessing = 0;
		};
/* End PBXFrameworksBuildPhase section */

/* Begin PBXGroup section */
		CD0B60881E9C785B00058E49 /* Workout Detail */ = {
			isa = PBXGroup;
			children = (
				CD0B60841E9C2C8A00058E49 /* WorkoutDetailVC.swift */,
				CD0B60861E9C2E2600058E49 /* WorkoutDetail.swift */,
			);
			name = "Workout Detail";
			sourceTree = "<group>";
		};
		CD0B60891E9C7CD500058E49 /* Exercise Detali Tab */ = {
			isa = PBXGroup;
			children = (
				CDC303251E9AF13900D9EE5C /* AddExerciseViewController.swift */,
				CD0B60801E9C06DC00058E49 /* ExerciseDetail.swift */,
			);
			name = "Exercise Detali Tab";
			sourceTree = "<group>";
		};
		CDC302EB1E9AC8B900D9EE5C = {
			isa = PBXGroup;
			children = (
				CDC302F61E9AC8B900D9EE5C /* TestingNavigation */,
				CDC302F51E9AC8B900D9EE5C /* Products */,
			);
			sourceTree = "<group>";
		};
		CDC302F51E9AC8B900D9EE5C /* Products */ = {
			isa = PBXGroup;
			children = (
				CDC302F41E9AC8B900D9EE5C /* TestingNavigation.app */,
			);
			name = Products;
			sourceTree = "<group>";
		};
		CDC302F61E9AC8B900D9EE5C /* TestingNavigation */ = {
			isa = PBXGroup;
			children = (
				CDC303131E9ACCCB00D9EE5C /* More Tab */,
				CDC303121E9ACCBA00D9EE5C /* Exercise Tab */,
				CDC303111E9ACCAE00D9EE5C /* Workout Tab */,
				CDC302F71E9AC8B900D9EE5C /* AppDelegate.swift */,
				CDC302F91E9AC8B900D9EE5C /* MasterViewController.swift */,
				CDC302FB1E9AC8B900D9EE5C /* Main.storyboard */,
				CDC302FE1E9AC8B900D9EE5C /* Assets.xcassets */,
				CDC303031E9AC8B900D9EE5C /* Info.plist */,
			);
			path = TestingNavigation;
			sourceTree = "<group>";
		};
		CDC303111E9ACCAE00D9EE5C /* Workout Tab */ = {
			isa = PBXGroup;
			children = (
				CDC303141E9AD3A300D9EE5C /* Workout.storyboard */,
				CDC3030B1E9ACB2200D9EE5C /* WorkoutsViewController.swift */,
				CD0B60821E9C2BFD00058E49 /* WorkoutDetailTVC.swift */,
				CDC303091E9ACAE100D9EE5C /* AddWorkoutViewController.swift */,
				CD0B607C1E9BED5200058E49 /* WorkoutHeader.swift */,
				CD0B60881E9C785B00058E49 /* Workout Detail */,
			);
			name = "Workout Tab";
			sourceTree = "<group>";
		};
		CDC303121E9ACCBA00D9EE5C /* Exercise Tab */ = {
			isa = PBXGroup;
			children = (
				CDC303271E9AF16300D9EE5C /* Exercises.storyboard */,
				CDC303231E9AF0D900D9EE5C /* ExerciseViewController.swift */,
				CD0B607E1E9BEF2100058E49 /* Exercise.swift */,
				CD0B60891E9C7CD500058E49 /* Exercise Detali Tab */,
			);
			name = "Exercise Tab";
			sourceTree = "<group>";
		};
		CDC303131E9ACCCB00D9EE5C /* More Tab */ = {
			isa = PBXGroup;
			children = (
			);
			name = "More Tab";
			sourceTree = "<group>";
		};
/* End PBXGroup section */

/* Begin PBXNativeTarget section */
		CDC302F31E9AC8B900D9EE5C /* TestingNavigation */ = {
			isa = PBXNativeTarget;
			buildConfigurationList = CDC303061E9AC8B900D9EE5C /* Build configuration list for PBXNativeTarget "TestingNavigation" */;
			buildPhases = (
				CDC302F01E9AC8B900D9EE5C /* Sources */,
				CDC302F11E9AC8B900D9EE5C /* Frameworks */,
				CDC302F21E9AC8B900D9EE5C /* Resources */,
			);
			buildRules = (
			);
			dependencies = (
			);
			name = TestingNavigation;
			productName = TestingNavigation;
			productReference = CDC302F41E9AC8B900D9EE5C /* TestingNavigation.app */;
			productType = "com.apple.product-type.application";
		};
/* End PBXNativeTarget section */

/* Begin PBXProject section */
		CDC302EC1E9AC8B900D9EE5C /* Project object */ = {
			isa = PBXProject;
			attributes = {
				LastSwiftUpdateCheck = 0830;
				LastUpgradeCheck = 0830;
				ORGANIZATIONNAME = "Patrick J. Houle";
				TargetAttributes = {
					CDC302F31E9AC8B900D9EE5C = {
						CreatedOnToolsVersion = 8.3.1;
						ProvisioningStyle = Automatic;
					};
				};
			};
			buildConfigurationList = CDC302EF1E9AC8B900D9EE5C /* Build configuration list for PBXProject "TestingNavigation" */;
			compatibilityVersion = "Xcode 3.2";
			developmentRegion = English;
			hasScannedForEncodings = 0;
			knownRegions = (
				en,
				Base,
			);
			mainGroup = CDC302EB1E9AC8B900D9EE5C;
			productRefGroup = CDC302F51E9AC8B900D9EE5C /* Products */;
			projectDirPath = "";
			projectRoot = "";
			targets = (
				CDC302F31E9AC8B900D9EE5C /* TestingNavigation */,
			);
		};
/* End PBXProject section */

/* Begin PBXResourcesBuildPhase section */
		CDC302F21E9AC8B900D9EE5C /* Resources */ = {
			isa = PBXResourcesBuildPhase;
			buildActionMask = 2147483647;
			files = (
				CDC303161E9AD3A300D9EE5C /* Workout.storyboard in Resources */,
				CDC302FF1E9AC8B900D9EE5C /* Assets.xcassets in Resources */,
				CDC303291E9AF16300D9EE5C /* Exercises.storyboard in Resources */,
				CDC302FD1E9AC8B900D9EE5C /* Main.storyboard in Resources */,
			);
			runOnlyForDeploymentPostprocessing = 0;
		};
/* End PBXResourcesBuildPhase section */

/* Begin PBXSourcesBuildPhase section */
		CDC302F01E9AC8B900D9EE5C /* Sources */ = {
			isa = PBXSourcesBuildPhase;
			buildActionMask = 2147483647;
			files = (
				CD0B60871E9C2E2600058E49 /* WorkoutDetail.swift in Sources */,
				CDC303261E9AF13900D9EE5C /* AddExerciseViewController.swift in Sources */,
				CD0B607F1E9BEF2100058E49 /* Exercise.swift in Sources */,
				CDC3030C1E9ACB2200D9EE5C /* WorkoutsViewController.swift in Sources */,
				CDC303241E9AF0D900D9EE5C /* ExerciseViewController.swift in Sources */,
				CDC302FA1E9AC8B900D9EE5C /* MasterViewController.swift in Sources */,
				CD0B60811E9C06DC00058E49 /* ExerciseDetail.swift in Sources */,
				CD0B60831E9C2BFD00058E49 /* WorkoutDetailTVC.swift in Sources */,
				CD0B607D1E9BED5200058E49 /* WorkoutHeader.swift in Sources */,
				CDC302F81E9AC8B900D9EE5C /* AppDelegate.swift in Sources */,
				CDC3030A1E9ACAE100D9EE5C /* AddWorkoutViewController.swift in Sources */,
				CD0B60851E9C2C8A00058E49 /* WorkoutDetailVC.swift in Sources */,
			);
			runOnlyForDeploymentPostprocessing = 0;
		};
/* End PBXSourcesBuildPhase section */

/* Begin PBXVariantGroup section */
		CDC302FB1E9AC8B900D9EE5C /* Main.storyboard */ = {
			isa = PBXVariantGroup;
			children = (
				CDC302FC1E9AC8B900D9EE5C /* Base */,
			);
			name = Main.storyboard;
			sourceTree = "<group>";
		};
		CDC303141E9AD3A300D9EE5C /* Workout.storyboard */ = {
			isa = PBXVariantGroup;
			children = (
				CDC303151E9AD3A300D9EE5C /* Base */,
			);
			name = Workout.storyboard;
			sourceTree = "<group>";
		};
		CDC303271E9AF16300D9EE5C /* Exercises.storyboard */ = {
			isa = PBXVariantGroup;
			children = (
				CDC303281E9AF16300D9EE5C /* Base */,
			);
			name = Exercises.storyboard;
			sourceTree = "<group>";
		};
/* End PBXVariantGroup section */

/* Begin XCBuildConfiguration section */
		CDC303041E9AC8B900D9EE5C /* Debug */ = {
			isa = XCBuildConfiguration;
			buildSettings = {
				ALWAYS_SEARCH_USER_PATHS = NO;
				CLANG_ANALYZER_NONNULL = YES;
				CLANG_ANALYZER_NUMBER_OBJECT_CONVERSION = YES_AGGRESSIVE;
				CLANG_CXX_LANGUAGE_STANDARD = "gnu++0x";
				CLANG_CXX_LIBRARY = "libc++";
				CLANG_ENABLE_MODULES = YES;
				CLANG_ENABLE_OBJC_ARC = YES;
				CLANG_WARN_BOOL_CONVERSION = YES;
				CLANG_WARN_CONSTANT_CONVERSION = YES;
				CLANG_WARN_DIRECT_OBJC_ISA_USAGE = YES_ERROR;
				CLANG_WARN_DOCUMENTATION_COMMENTS = YES;
				CLANG_WARN_EMPTY_BODY = YES;
				CLANG_WARN_ENUM_CONVERSION = YES;
				CLANG_WARN_INFINITE_RECURSION = YES;
				CLANG_WARN_INT_CONVERSION = YES;
				CLANG_WARN_OBJC_ROOT_CLASS = YES_ERROR;
				CLANG_WARN_SUSPICIOUS_MOVE = YES;
				CLANG_WARN_UNREACHABLE_CODE = YES;
				CLANG_WARN__DUPLICATE_METHOD_MATCH = YES;
				"CODE_SIGN_IDENTITY[sdk=iphoneos*]" = "iPhone Developer";
				COPY_PHASE_STRIP = NO;
				DEBUG_INFORMATION_FORMAT = dwarf;
				ENABLE_STRICT_OBJC_MSGSEND = YES;
				ENABLE_TESTABILITY = YES;
				GCC_C_LANGUAGE_STANDARD = gnu99;
				GCC_DYNAMIC_NO_PIC = NO;
				GCC_NO_COMMON_BLOCKS = YES;
				GCC_OPTIMIZATION_LEVEL = 0;
				GCC_PREPROCESSOR_DEFINITIONS = (
					"DEBUG=1",
					"$(inherited)",
				);
				GCC_WARN_64_TO_32_BIT_CONVERSION = YES;
				GCC_WARN_ABOUT_RETURN_TYPE = YES_ERROR;
				GCC_WARN_UNDECLARED_SELECTOR = YES;
				GCC_WARN_UNINITIALIZED_AUTOS = YES_AGGRESSIVE;
				GCC_WARN_UNUSED_FUNCTION = YES;
				GCC_WARN_UNUSED_VARIABLE = YES;
				IPHONEOS_DEPLOYMENT_TARGET = 10.3;
				MTL_ENABLE_DEBUG_INFO = YES;
				ONLY_ACTIVE_ARCH = YES;
				SDKROOT = iphoneos;
				SWIFT_ACTIVE_COMPILATION_CONDITIONS = DEBUG;
				SWIFT_OPTIMIZATION_LEVEL = "-Onone";
				TARGETED_DEVICE_FAMILY = "1,2";
			};
			name = Debug;
		};
		CDC303051E9AC8B900D9EE5C /* Release */ = {
			isa = XCBuildConfiguration;
			buildSettings = {
				ALWAYS_SEARCH_USER_PATHS = NO;
				CLANG_ANALYZER_NONNULL = YES;
				CLANG_ANALYZER_NUMBER_OBJECT_CONVERSION = YES_AGGRESSIVE;
				CLANG_CXX_LANGUAGE_STANDARD = "gnu++0x";
				CLANG_CXX_LIBRARY = "libc++";
				CLANG_ENABLE_MODULES = YES;
				CLANG_ENABLE_OBJC_ARC = YES;
				CLANG_WARN_BOOL_CONVERSION = YES;
				CLANG_WARN_CONSTANT_CONVERSION = YES;
				CLANG_WARN_DIRECT_OBJC_ISA_USAGE = YES_ERROR;
				CLANG_WARN_DOCUMENTATION_COMMENTS = YES;
				CLANG_WARN_EMPTY_BODY = YES;
				CLANG_WARN_ENUM_CONVERSION = YES;
				CLANG_WARN_INFINITE_RECURSION = YES;
				CLANG_WARN_INT_CONVERSION = YES;
				CLANG_WARN_OBJC_ROOT_CLASS = YES_ERROR;
				CLANG_WARN_SUSPICIOUS_MOVE = YES;
				CLANG_WARN_UNREACHABLE_CODE = YES;
				CLANG_WARN__DUPLICATE_METHOD_MATCH = YES;
				"CODE_SIGN_IDENTITY[sdk=iphoneos*]" = "iPhone Developer";
				COPY_PHASE_STRIP = NO;
				DEBUG_INFORMATION_FORMAT = "dwarf-with-dsym";
				ENABLE_NS_ASSERTIONS = NO;
				ENABLE_STRICT_OBJC_MSGSEND = YES;
				GCC_C_LANGUAGE_STANDARD = gnu99;
				GCC_NO_COMMON_BLOCKS = YES;
				GCC_WARN_64_TO_32_BIT_CONVERSION = YES;
				GCC_WARN_ABOUT_RETURN_TYPE = YES_ERROR;
				GCC_WARN_UNDECLARED_SELECTOR = YES;
				GCC_WARN_UNINITIALIZED_AUTOS = YES_AGGRESSIVE;
				GCC_WARN_UNUSED_FUNCTION = YES;
				GCC_WARN_UNUSED_VARIABLE = YES;
				IPHONEOS_DEPLOYMENT_TARGET = 10.3;
				MTL_ENABLE_DEBUG_INFO = NO;
				SDKROOT = iphoneos;
				SWIFT_OPTIMIZATION_LEVEL = "-Owholemodule";
				TARGETED_DEVICE_FAMILY = "1,2";
				VALIDATE_PRODUCT = YES;
			};
			name = Release;
		};
		CDC303071E9AC8B900D9EE5C /* Debug */ = {
			isa = XCBuildConfiguration;
			buildSettings = {
				ASSETCATALOG_COMPILER_APPICON_NAME = AppIcon;
				INFOPLIST_FILE = TestingNavigation/Info.plist;
				LD_RUNPATH_SEARCH_PATHS = "$(inherited) @executable_path/Frameworks";
				PRODUCT_BUNDLE_IDENTIFIER = adsoft.TestingNavigation;
				PRODUCT_NAME = "$(TARGET_NAME)";
				SWIFT_VERSION = 3.0;
			};
			name = Debug;
		};
		CDC303081E9AC8B900D9EE5C /* Release */ = {
			isa = XCBuildConfiguration;
			buildSettings = {
				ASSETCATALOG_COMPILER_APPICON_NAME = AppIcon;
				INFOPLIST_FILE = TestingNavigation/Info.plist;
				LD_RUNPATH_SEARCH_PATHS = "$(inherited) @executable_path/Frameworks";
				PRODUCT_BUNDLE_IDENTIFIER = adsoft.TestingNavigation;
				PRODUCT_NAME = "$(TARGET_NAME)";
				SWIFT_VERSION = 3.0;
			};
			name = Release;
		};
/* End XCBuildConfiguration section */

/* Begin XCConfigurationList section */
		CDC302EF1E9AC8B900D9EE5C /* Build configuration list for PBXProject "TestingNavigation" */ = {
			isa = XCConfigurationList;
			buildConfigurations = (
				CDC303041E9AC8B900D9EE5C /* Debug */,
				CDC303051E9AC8B900D9EE5C /* Release */,
			);
			defaultConfigurationIsVisible = 0;
			defaultConfigurationName = Release;
		};
		CDC303061E9AC8B900D9EE5C /* Build configuration list for PBXNativeTarget "TestingNavigation" */ = {
			isa = XCConfigurationList;
			buildConfigurations = (
				CDC303071E9AC8B900D9EE5C /* Debug */,
				CDC303081E9AC8B900D9EE5C /* Release */,
			);
			defaultConfigurationIsVisible = 0;
			defaultConfigurationName = Release;
		};
/* End XCConfigurationList section */
	};
	rootObject = CDC302EC1E9AC8B900D9EE5C /* Project object */;
}
